
Microsoft Visual Studio Solution File, Format Version 12.00
# Visual Studio Version 17
VisualStudioVersion = 17.0.31903.59
MinimumVisualStudioVersion = 10.0.40219.1
Project("{2150E333-8FDC-42A3-9474-1A3956D46DE8}") = "src", "src", "{A0641289-2446-4373-8E37-F12D153130A8}"
EndProject
Project("{FAE04EC0-301F-11D3-BF4B-00C04F79EFBC}") = "Eigdo.Api", "src\Eigdo.Api\Eigdo.Api.csproj", "{B3649A62-5902-440C-A0AA-D34B70D308CF}"
EndProject
Project("{FAE04EC0-301F-11D3-BF4B-00C04F79EFBC}") = "Eigdo.Domain", "src\Eigdo.Domain\Eigdo.Domain.csproj", "{CFC05E85-3192-46BC-9A09-20B355332231}"
EndProject
Project("{FAE04EC0-301F-11D3-BF4B-00C04F79EFBC}") = "Eigdo.Application", "src\Eigdo.Application\Eigdo.Application.csproj", "{96CF025A-99BC-4386-BA47-00E2A52562DB}"
EndProject
Project("{FAE04EC0-301F-11D3-BF4B-00C04F79EFBC}") = "Eigdo.Infrastructure", "src\Eigdo.Infrastructure\Eigdo.Infrastructure.csproj", "{2BA4B167-5F8A-4A28-B8F3-9D74FEEBC0D0}"
EndProject
Project("{FAE04EC0-301F-11D3-BF4B-00C04F79EFBC}") = "Eigdo.SharedKernel", "src\Eigdo.SharedKernel\Eigdo.SharedKernel.csproj", "{BB7E2E2D-1942-4D15-92EF-0D1EE680666B}"
EndProject
Project("{FAE04EC0-301F-11D3-BF4B-00C04F79EFBC}") = "Eigdo.Worker", "src\Eigdo.Worker\Eigdo.Worker.csproj", "{9B7B737F-202C-4979-A8D6-0B1C8F277485}"
EndProject
Project("{2150E333-8FDC-42A3-9474-1A3956D46DE8}") = "tests", "tests", "{CD22F825-6994-48BB-8CE7-9A9F3F4E4791}"
EndProject
Project("{FAE04EC0-301F-11D3-BF4B-00C04F79EFBC}") = "Eigdo.UnitTests", "tests\Eigdo.UnitTests\Eigdo.UnitTests.csproj", "{A8DBEC46-4DF4-4CDF-B6AA-669AF4860058}"
EndProject
Project("{FAE04EC0-301F-11D3-BF4B-00C04F79EFBC}") = "Eigdo.IntegrationTests", "tests\Eigdo.IntegrationTests\Eigdo.IntegrationTests.csproj", "{29277BB9-3C59-4F2C-8E0A-45D54826D6A4}"
EndProject
Project("{FAE04EC0-301F-11D3-BF4B-00C04F79EFBC}") = "Eigdo.FiscalTests", "tests\Eigdo.FiscalTests\Eigdo.FiscalTests.csproj", "{60DC3D9B-CA5C-4FE0-BF59-5E58FFC477DA}"
EndProject
Global
	GlobalSection(SolutionConfigurationPlatforms) = preSolution
		Debug|Any CPU = Debug|Any CPU
		Release|Any CPU = Release|Any CPU
	EndGlobalSection
	GlobalSection(SolutionProperties) = preSolution
		HideSolutionNode = FALSE
	EndGlobalSection
	GlobalSection(ProjectConfigurationPlatforms) = postSolution
		{B3649A62-5902-440C-A0AA-D34B70D308CF}.Debug|Any CPU.ActiveCfg = Debug|Any CPU
		{B3649A62-5902-440C-A0AA-D34B70D308CF}.Debug|Any CPU.Build.0 = Debug|Any CPU
		{B3649A62-5902-440C-A0AA-D34B70D308CF}.Release|Any CPU.ActiveCfg = Release|Any CPU
		{B3649A62-5902-440C-A0AA-D34B70D308CF}.Release|Any CPU.Build.0 = Release|Any CPU
		{CFC05E85-3192-46BC-9A09-20B355332231}.Debug|Any CPU.ActiveCfg = Debug|Any CPU
		{CFC05E85-3192-46BC-9A09-20B355332231}.Debug|Any CPU.Build.0 = Debug|Any CPU
		{CFC05E85-3192-46BC-9A09-20B355332231}.Release|Any CPU.ActiveCfg = Release|Any CPU
		{CFC05E85-3192-46BC-9A09-20B355332231}.Release|Any CPU.Build.0 = Release|Any CPU
		{96CF025A-99BC-4386-BA47-00E2A52562DB}.Debug|Any CPU.ActiveCfg = Debug|Any CPU
		{96CF025A-99BC-4386-BA47-00E2A52562DB}.Debug|Any CPU.Build.0 = Debug|Any CPU
		{96CF025A-99BC-4386-BA47-00E2A52562DB}.Release|Any CPU.ActiveCfg = Release|Any CPU
		{96CF025A-99BC-4386-BA47-00E2A52562DB}.Release|Any CPU.Build.0 = Release|Any CPU
		{2BA4B167-5F8A-4A28-B8F3-9D74FEEBC0D0}.Debug|Any CPU.ActiveCfg = Debug|Any CPU
		{2BA4B167-5F8A-4A28-B8F3-9D74FEEBC0D0}.Debug|Any CPU.Build.0 = Debug|Any CPU
		{2BA4B167-5F8A-4A28-B8F3-9D74FEEBC0D0}.Release|Any CPU.ActiveCfg = Release|Any CPU
		{2BA4B167-5F8A-4A28-B8F3-9D74FEEBC0D0}.Release|Any CPU.Build.0 = Release|Any CPU
		{BB7E2E2D-1942-4D15-92EF-0D1EE680666B}.Debug|Any CPU.ActiveCfg = Debug|Any CPU
		{BB7E2E2D-1942-4D15-92EF-0D1EE680666B}.Debug|Any CPU.Build.0 = Debug|Any CPU
		{BB7E2E2D-1942-4D15-92EF-0D1EE680666B}.Release|Any CPU.ActiveCfg = Release|Any CPU
		{BB7E2E2D-1942-4D15-92EF-0D1EE680666B}.Release|Any CPU.Build.0 = Release|Any CPU
		{9B7B737F-202C-4979-A8D6-0B1C8F277485}.Debug|Any CPU.ActiveCfg = Debug|Any CPU
		{9B7B737F-202C-4979-A8D6-0B1C8F277485}.Debug|Any CPU.Build.0 = Debug|Any CPU
		{9B7B737F-202C-4979-A8D6-0B1C8F277485}.Release|Any CPU.ActiveCfg = Release|Any CPU
		{9B7B737F-202C-4979-A8D6-0B1C8F277485}.Release|Any CPU.Build.0 = Release|Any CPU
		{A8DBEC46-4DF4-4CDF-B6AA-669AF4860058}.Debug|Any CPU.ActiveCfg = Debug|Any CPU
		{A8DBEC46-4DF4-4CDF-B6AA-669AF4860058}.Debug|Any CPU.Build.0 = Debug|Any CPU
		{A8DBEC46-4DF4-4CDF-B6AA-669AF4860058}.Release|Any CPU.ActiveCfg = Release|Any CPU
		{A8DBEC46-4DF4-4CDF-B6AA-669AF4860058}.Release|Any CPU.Build.0 = Release|Any CPU
		{29277BB9-3C59-4F2C-8E0A-45D54826D6A4}.Debug|Any CPU.ActiveCfg = Debug|Any CPU
		{29277BB9-3C59-4F2C-8E0A-45D54826D6A4}.Debug|Any CPU.Build.0 = Debug|Any CPU
		{29277BB9-3C59-4F2C-8E0A-45D54826D6A4}.Release|Any CPU.ActiveCfg = Release|Any CPU
		{29277BB9-3C59-4F2C-8E0A-45D54826D6A4}.Release|Any CPU.Build.0 = Release|Any CPU
		{60DC3D9B-CA5C-4FE0-BF59-5E58FFC477DA}.Debug|Any CPU.ActiveCfg = Debug|Any CPU
		{60DC3D9B-CA5C-4FE0-BF59-5E58FFC477DA}.Debug|Any CPU.Build.0 = Debug|Any CPU
		{60DC3D9B-CA5C-4FE0-BF59-5E58FFC477DA}.Release|Any CPU.ActiveCfg = Release|Any CPU
		{60DC3D9B-CA5C-4FE0-BF59-5E58FFC477DA}.Release|Any CPU.Build.0 = Release|Any CPU
	EndGlobalSection
	GlobalSection(NestedProjects) = preSolution
		{B3649A62-5902-440C-A0AA-D34B70D308CF} = {A0641289-2446-4373-8E37-F12D153130A8}
		{CFC05E85-3192-46BC-9A09-20B355332231} = {A0641289-2446-4373-8E37-F12D153130A8}
		{96CF025A-99BC-4386-BA47-00E2A52562DB} = {A0641289-2446-4373-8E37-F12D153130A8}
		{2BA4B167-5F8A-4A28-B8F3-9D74FEEBC0D0} = {A0641289-2446-4373-8E37-F12D153130A8}
		{BB7E2E2D-1942-4D15-92EF-0D1EE680666B} = {A0641289-2446-4373-8E37-F12D153130A8}
		{9B7B737F-202C-4979-A8D6-0B1C8F277485} = {A0641289-2446-4373-8E37-F12D153130A8}
		{A8DBEC46-4DF4-4CDF-B6AA-669AF4860058} = {CD22F825-6994-48BB-8CE7-9A9F3F4E4791}
		{29277BB9-3C59-4F2C-8E0A-45D54826D6A4} = {CD22F825-6994-48BB-8CE7-9A9F3F4E4791}
		{60DC3D9B-CA5C-4FE0-BF59-5E58FFC477DA} = {CD22F825-6994-48BB-8CE7-9A9F3F4E4791}
	EndGlobalSection
EndGlobal
